// !$*UTF8*$!
{
	archiveVersion = 1;
	classes = {
	};
	objectVersion = 56;
	objects = {

/* Begin PBXBuildFile section */
		1DC687F52B5C1E3100DF9D71 /* LaunchScreenView.swift in Sources */ = {isa = PBXBuildFile; fileRef = 1DC687F42B5C1E3100DF9D71 /* LaunchScreenView.swift */; };
		1DC687FD2B5C24A300DF9D71 /* Font.swift in Sources */ = {isa = PBXBuildFile; fileRef = 1DC687FC2B5C24A300DF9D71 /* Font.swift */; };
		8921D62C2B5696E200956D62 /* CardView.swift in Sources */ = {isa = PBXBuildFile; fileRef = 8921D6262B5696E100956D62 /* CardView.swift */; };
		8921D62D2B5696E200956D62 /* CardScrollView.swift in Sources */ = {isa = PBXBuildFile; fileRef = 8921D6272B5696E100956D62 /* CardScrollView.swift */; };
		8921D62E2B5696E200956D62 /* WeatherInfoView.swift in Sources */ = {isa = PBXBuildFile; fileRef = 8921D6282B5696E100956D62 /* WeatherInfoView.swift */; };
		8921D62F2B5696E200956D62 /* WeatherModel.swift in Sources */ = {isa = PBXBuildFile; fileRef = 8921D62A2B5696E100956D62 /* WeatherModel.swift */; };
		99CB17E02B569D6B003C8B4C /* MainTabView.swift in Sources */ = {isa = PBXBuildFile; fileRef = 99CB17DF2B569D6B003C8B4C /* MainTabView.swift */; };
		99CB17E32B569DB4003C8B4C /* Alrm.swift in Sources */ = {isa = PBXBuildFile; fileRef = 99CB17E22B569DB4003C8B4C /* Alrm.swift */; };
		99CB17E52B569DC2003C8B4C /* AlrmManager.swift in Sources */ = {isa = PBXBuildFile; fileRef = 99CB17E42B569DC2003C8B4C /* AlrmManager.swift */; };
		99CB17E82B569DD8003C8B4C /* AlrmListView.swift in Sources */ = {isa = PBXBuildFile; fileRef = 99CB17E72B569DD8003C8B4C /* AlrmListView.swift */; };
		99CB17EA2B569DE6003C8B4C /* AlrmCell.swift in Sources */ = {isa = PBXBuildFile; fileRef = 99CB17E92B569DE6003C8B4C /* AlrmCell.swift */; };
		99CB17EF2B569EC8003C8B4C /* ViewModel.swift in Sources */ = {isa = PBXBuildFile; fileRef = 99CB17EE2B569EC8003C8B4C /* ViewModel.swift */; };
		99CB17F22B569F67003C8B4C /* NotificationSettings.swift in Sources */ = {isa = PBXBuildFile; fileRef = 99CB17F12B569F67003C8B4C /* NotificationSettings.swift */; };
		99CB17F42B569F7B003C8B4C /* Weekday.swift in Sources */ = {isa = PBXBuildFile; fileRef = 99CB17F32B569F7B003C8B4C /* Weekday.swift */; };
		99CB17F72B569F9F003C8B4C /* DaySelectionView.swift in Sources */ = {isa = PBXBuildFile; fileRef = 99CB17F62B569F9F003C8B4C /* DaySelectionView.swift */; };
		99CB17F92B569FB4003C8B4C /* DeleteButtonView.swift in Sources */ = {isa = PBXBuildFile; fileRef = 99CB17F82B569FB4003C8B4C /* DeleteButtonView.swift */; };
		99CB17FB2B569FC7003C8B4C /* MultipleSelectionRow.swift in Sources */ = {isa = PBXBuildFile; fileRef = 99CB17FA2B569FC7003C8B4C /* MultipleSelectionRow.swift */; };
		99CB17FD2B569FDA003C8B4C /* NotificationPageView.swift in Sources */ = {isa = PBXBuildFile; fileRef = 99CB17FC2B569FDA003C8B4C /* NotificationPageView.swift */; };
		99CB17FF2B569FF0003C8B4C /* RegionSelectionView.swift in Sources */ = {isa = PBXBuildFile; fileRef = 99CB17FE2B569FF0003C8B4C /* RegionSelectionView.swift */; };
		99CB18012B56A006003C8B4C /* TimeSelectionView.swift in Sources */ = {isa = PBXBuildFile; fileRef = 99CB18002B56A006003C8B4C /* TimeSelectionView.swift */; };
		C19A72732B56938600639506 /* OneulEoTtaeApp.swift in Sources */ = {isa = PBXBuildFile; fileRef = C19A72722B56938600639506 /* OneulEoTtaeApp.swift */; };
		C19A72752B56938600639506 /* ContentView.swift in Sources */ = {isa = PBXBuildFile; fileRef = C19A72742B56938600639506 /* ContentView.swift */; };
		C19A72772B56938600639506 /* Item.swift in Sources */ = {isa = PBXBuildFile; fileRef = C19A72762B56938600639506 /* Item.swift */; };
		C19A72792B56938A00639506 /* Assets.xcassets in Resources */ = {isa = PBXBuildFile; fileRef = C19A72782B56938A00639506 /* Assets.xcassets */; };
		C19A727C2B56938A00639506 /* Preview Assets.xcassets in Resources */ = {isa = PBXBuildFile; fileRef = C19A727B2B56938A00639506 /* Preview Assets.xcassets */; };
		C19A728B2B56959100639506 /* HomeUIView.swift in Sources */ = {isa = PBXBuildFile; fileRef = C19A728A2B56959100639506 /* HomeUIView.swift */; };
		C19A728D2B56959800639506 /* SettingUIView.swift in Sources */ = {isa = PBXBuildFile; fileRef = C19A728C2B56959800639506 /* SettingUIView.swift */; };
/* End PBXBuildFile section */

/* Begin PBXFileReference section */
		1DC687F42B5C1E3100DF9D71 /* LaunchScreenView.swift */ = {isa = PBXFileReference; lastKnownFileType = sourcecode.swift; path = LaunchScreenView.swift; sourceTree = "<group>"; };
		1DC687F72B5C239300DF9D71 /* Jalnan2TTF.ttf */ = {isa = PBXFileReference; lastKnownFileType = file; path = Jalnan2TTF.ttf; sourceTree = "<group>"; };
		1DC687F82B5C239300DF9D71 /* Jalnan2.otf */ = {isa = PBXFileReference; lastKnownFileType = file; path = Jalnan2.otf; sourceTree = "<group>"; };
		1DC687F92B5C23BC00DF9D71 /* Info.plist */ = {isa = PBXFileReference; lastKnownFileType = text.plist; path = Info.plist; sourceTree = "<group>"; };
		1DC687FC2B5C24A300DF9D71 /* Font.swift */ = {isa = PBXFileReference; lastKnownFileType = sourcecode.swift; path = Font.swift; sourceTree = "<group>"; };
		8921D6262B5696E100956D62 /* CardView.swift */ = {isa = PBXFileReference; fileEncoding = 4; lastKnownFileType = sourcecode.swift; path = CardView.swift; sourceTree = "<group>"; };
		8921D6272B5696E100956D62 /* CardScrollView.swift */ = {isa = PBXFileReference; fileEncoding = 4; lastKnownFileType = sourcecode.swift; path = CardScrollView.swift; sourceTree = "<group>"; };
		8921D6282B5696E100956D62 /* WeatherInfoView.swift */ = {isa = PBXFileReference; fileEncoding = 4; lastKnownFileType = sourcecode.swift; path = WeatherInfoView.swift; sourceTree = "<group>"; };
		8921D62A2B5696E100956D62 /* WeatherModel.swift */ = {isa = PBXFileReference; fileEncoding = 4; lastKnownFileType = sourcecode.swift; path = WeatherModel.swift; sourceTree = "<group>"; };
		99CB17DF2B569D6B003C8B4C /* MainTabView.swift */ = {isa = PBXFileReference; lastKnownFileType = sourcecode.swift; path = MainTabView.swift; sourceTree = "<group>"; };
		99CB17E22B569DB4003C8B4C /* Alrm.swift */ = {isa = PBXFileReference; lastKnownFileType = sourcecode.swift; path = Alrm.swift; sourceTree = "<group>"; };
		99CB17E42B569DC2003C8B4C /* AlrmManager.swift */ = {isa = PBXFileReference; lastKnownFileType = sourcecode.swift; path = AlrmManager.swift; sourceTree = "<group>"; };
		99CB17E72B569DD8003C8B4C /* AlrmListView.swift */ = {isa = PBXFileReference; lastKnownFileType = sourcecode.swift; path = AlrmListView.swift; sourceTree = "<group>"; };
		99CB17E92B569DE6003C8B4C /* AlrmCell.swift */ = {isa = PBXFileReference; lastKnownFileType = sourcecode.swift; path = AlrmCell.swift; sourceTree = "<group>"; };
		99CB17EE2B569EC8003C8B4C /* ViewModel.swift */ = {isa = PBXFileReference; lastKnownFileType = sourcecode.swift; path = ViewModel.swift; sourceTree = "<group>"; };
		99CB17F12B569F67003C8B4C /* NotificationSettings.swift */ = {isa = PBXFileReference; lastKnownFileType = sourcecode.swift; path = NotificationSettings.swift; sourceTree = "<group>"; };
		99CB17F32B569F7B003C8B4C /* Weekday.swift */ = {isa = PBXFileReference; lastKnownFileType = sourcecode.swift; path = Weekday.swift; sourceTree = "<group>"; };
		99CB17F62B569F9F003C8B4C /* DaySelectionView.swift */ = {isa = PBXFileReference; lastKnownFileType = sourcecode.swift; path = DaySelectionView.swift; sourceTree = "<group>"; };
		99CB17F82B569FB4003C8B4C /* DeleteButtonView.swift */ = {isa = PBXFileReference; lastKnownFileType = sourcecode.swift; path = DeleteButtonView.swift; sourceTree = "<group>"; };
		99CB17FA2B569FC7003C8B4C /* MultipleSelectionRow.swift */ = {isa = PBXFileReference; lastKnownFileType = sourcecode.swift; path = MultipleSelectionRow.swift; sourceTree = "<group>"; };
		99CB17FC2B569FDA003C8B4C /* NotificationPageView.swift */ = {isa = PBXFileReference; lastKnownFileType = sourcecode.swift; path = NotificationPageView.swift; sourceTree = "<group>"; };
		99CB17FE2B569FF0003C8B4C /* RegionSelectionView.swift */ = {isa = PBXFileReference; lastKnownFileType = sourcecode.swift; path = RegionSelectionView.swift; sourceTree = "<group>"; };
		99CB18002B56A006003C8B4C /* TimeSelectionView.swift */ = {isa = PBXFileReference; lastKnownFileType = sourcecode.swift; path = TimeSelectionView.swift; sourceTree = "<group>"; };
		C19A726F2B56938600639506 /* OneulEoTtae.app */ = {isa = PBXFileReference; explicitFileType = wrapper.application; includeInIndex = 0; path = OneulEoTtae.app; sourceTree = BUILT_PRODUCTS_DIR; };
		C19A72722B56938600639506 /* OneulEoTtaeApp.swift */ = {isa = PBXFileReference; lastKnownFileType = sourcecode.swift; path = OneulEoTtaeApp.swift; sourceTree = "<group>"; };
		C19A72742B56938600639506 /* ContentView.swift */ = {isa = PBXFileReference; lastKnownFileType = sourcecode.swift; path = ContentView.swift; sourceTree = "<group>"; };
		C19A72762B56938600639506 /* Item.swift */ = {isa = PBXFileReference; lastKnownFileType = sourcecode.swift; path = Item.swift; sourceTree = "<group>"; };
		C19A72782B56938A00639506 /* Assets.xcassets */ = {isa = PBXFileReference; lastKnownFileType = folder.assetcatalog; path = Assets.xcassets; sourceTree = "<group>"; };
		C19A727B2B56938A00639506 /* Preview Assets.xcassets */ = {isa = PBXFileReference; lastKnownFileType = folder.assetcatalog; path = "Preview Assets.xcassets"; sourceTree = "<group>"; };
		C19A728A2B56959100639506 /* HomeUIView.swift */ = {isa = PBXFileReference; lastKnownFileType = sourcecode.swift; path = HomeUIView.swift; sourceTree = "<group>"; };
		C19A728C2B56959800639506 /* SettingUIView.swift */ = {isa = PBXFileReference; lastKnownFileType = sourcecode.swift; path = SettingUIView.swift; sourceTree = "<group>"; };
/* End PBXFileReference section */

/* Begin PBXFrameworksBuildPhase section */
		C19A726C2B56938600639506 /* Frameworks */ = {
			isa = PBXFrameworksBuildPhase;
			buildActionMask = 2147483647;
			files = (
			);
			runOnlyForDeploymentPostprocessing = 0;
		};
/* End PBXFrameworksBuildPhase section */

/* Begin PBXGroup section */
		1DC687F62B5C235B00DF9D71 /* Font */ = {
			isa = PBXGroup;
			children = (
				1DC687F82B5C239300DF9D71 /* Jalnan2.otf */,
				1DC687F72B5C239300DF9D71 /* Jalnan2TTF.ttf */,
			);
			name = Font;
			path = ..;
			sourceTree = "<group>";
		};
		8921D6242B5696C900956D62 /* Weather */ = {
			isa = PBXGroup;
			children = (
				8921D6292B5696E100956D62 /* Model */,
				8921D6252B5696E100956D62 /* View */,
				99CB17ED2B569EBA003C8B4C /* ViewModel */,
			);
			path = Weather;
			sourceTree = "<group>";
		};
		8921D6252B5696E100956D62 /* View */ = {
			isa = PBXGroup;
			children = (
				8921D6262B5696E100956D62 /* CardView.swift */,
				8921D6272B5696E100956D62 /* CardScrollView.swift */,
				8921D6282B5696E100956D62 /* WeatherInfoView.swift */,
			);
			path = View;
			sourceTree = "<group>";
		};
		8921D6292B5696E100956D62 /* Model */ = {
			isa = PBXGroup;
			children = (
				8921D62A2B5696E100956D62 /* WeatherModel.swift */,
			);
			path = Model;
			sourceTree = "<group>";
		};
		99CB17E12B569DAC003C8B4C /* Model */ = {
			isa = PBXGroup;
			children = (
				99CB17E22B569DB4003C8B4C /* Alrm.swift */,
				99CB17E42B569DC2003C8B4C /* AlrmManager.swift */,
			);
			path = Model;
			sourceTree = "<group>";
		};
		99CB17E62B569DCC003C8B4C /* View */ = {
			isa = PBXGroup;
			children = (
				99CB17E72B569DD8003C8B4C /* AlrmListView.swift */,
				99CB17E92B569DE6003C8B4C /* AlrmCell.swift */,
			);
			path = View;
			sourceTree = "<group>";
		};
		99CB17ED2B569EBA003C8B4C /* ViewModel */ = {
			isa = PBXGroup;
			children = (
				99CB17EE2B569EC8003C8B4C /* ViewModel.swift */,
			);
			path = ViewModel;
			sourceTree = "<group>";
		};
		99CB17F02B569F59003C8B4C /* Model */ = {
			isa = PBXGroup;
			children = (
				99CB17F12B569F67003C8B4C /* NotificationSettings.swift */,
				99CB17F32B569F7B003C8B4C /* Weekday.swift */,
			);
			path = Model;
			sourceTree = "<group>";
		};
		99CB17F52B569F8B003C8B4C /* View */ = {
			isa = PBXGroup;
			children = (
				99CB17F62B569F9F003C8B4C /* DaySelectionView.swift */,
				99CB17F82B569FB4003C8B4C /* DeleteButtonView.swift */,
				99CB17FC2B569FDA003C8B4C /* NotificationPageView.swift */,
				99CB17FE2B569FF0003C8B4C /* RegionSelectionView.swift */,
				99CB18002B56A006003C8B4C /* TimeSelectionView.swift */,
			);
			path = View;
			sourceTree = "<group>";
		};
		C19A72662B56938600639506 = {
			isa = PBXGroup;
			children = (
				C19A72722B56938600639506 /* OneulEoTtaeApp.swift */,
				C19A72742B56938600639506 /* ContentView.swift */,
				C19A72762B56938600639506 /* Item.swift */,
				99CB17DF2B569D6B003C8B4C /* MainTabView.swift */,
				1DC687F42B5C1E3100DF9D71 /* LaunchScreenView.swift */,
				1DC687FC2B5C24A300DF9D71 /* Font.swift */,
				C19A72712B56938600639506 /* OneulEoTtae */,
				C19A72702B56938600639506 /* Products */,
			);
			sourceTree = "<group>";
		};
		C19A72702B56938600639506 /* Products */ = {
			isa = PBXGroup;
			children = (
				C19A726F2B56938600639506 /* OneulEoTtae.app */,
			);
			name = Products;
			sourceTree = "<group>";
		};
		C19A72712B56938600639506 /* OneulEoTtae */ = {
			isa = PBXGroup;
			children = (
				1DC687F92B5C23BC00DF9D71 /* Info.plist */,
				8921D6242B5696C900956D62 /* Weather */,
				C19A72852B5693B500639506 /* Setting */,
				C19A72842B5693AF00639506 /* Home */,
				C19A72832B5693A900639506 /* Arlm */,
				C19A72822B56939200639506 /* ArlmList */,
				C19A72782B56938A00639506 /* Assets.xcassets */,
				1DC687F62B5C235B00DF9D71 /* Font */,
				C19A727A2B56938A00639506 /* Preview Content */,
			);
			path = OneulEoTtae;
			sourceTree = "<group>";
		};
		C19A727A2B56938A00639506 /* Preview Content */ = {
			isa = PBXGroup;
			children = (
				C19A727B2B56938A00639506 /* Preview Assets.xcassets */,
			);
			path = "Preview Content";
			sourceTree = "<group>";
		};
		C19A72822B56939200639506 /* ArlmList */ = {
			isa = PBXGroup;
			children = (
				99CB17E12B569DAC003C8B4C /* Model */,
				99CB17E62B569DCC003C8B4C /* View */,
			);
			path = ArlmList;
			sourceTree = "<group>";
		};
		C19A72832B5693A900639506 /* Arlm */ = {
			isa = PBXGroup;
			children = (
				99CB17F02B569F59003C8B4C /* Model */,
				99CB17F52B569F8B003C8B4C /* View */,
				99CB17FA2B569FC7003C8B4C /* MultipleSelectionRow.swift */,
			);
			path = Arlm;
			sourceTree = "<group>";
		};
		C19A72842B5693AF00639506 /* Home */ = {
			isa = PBXGroup;
			children = (
				C19A728A2B56959100639506 /* HomeUIView.swift */,
			);
			path = Home;
			sourceTree = "<group>";
		};
		C19A72852B5693B500639506 /* Setting */ = {
			isa = PBXGroup;
			children = (
				C19A728C2B56959800639506 /* SettingUIView.swift */,
			);
			path = Setting;
			sourceTree = "<group>";
		};
/* End PBXGroup section */

/* Begin PBXNativeTarget section */
		C19A726E2B56938600639506 /* OneulEoTtae */ = {
			isa = PBXNativeTarget;
			buildConfigurationList = C19A727F2B56938A00639506 /* Build configuration list for PBXNativeTarget "OneulEoTtae" */;
			buildPhases = (
				C19A726B2B56938600639506 /* Sources */,
				C19A726C2B56938600639506 /* Frameworks */,
				C19A726D2B56938600639506 /* Resources */,
			);
			buildRules = (
			);
			dependencies = (
			);
			name = OneulEoTtae;
			productName = OneulEoTtae;
			productReference = C19A726F2B56938600639506 /* OneulEoTtae.app */;
			productType = "com.apple.product-type.application";
		};
/* End PBXNativeTarget section */

/* Begin PBXProject section */
		C19A72672B56938600639506 /* Project object */ = {
			isa = PBXProject;
			attributes = {
				BuildIndependentTargetsInParallel = 1;
				LastSwiftUpdateCheck = 1520;
				LastUpgradeCheck = 1520;
				TargetAttributes = {
					C19A726E2B56938600639506 = {
						CreatedOnToolsVersion = 15.2;
					};
				};
			};
			buildConfigurationList = C19A726A2B56938600639506 /* Build configuration list for PBXProject "OneulEoTtae" */;
			compatibilityVersion = "Xcode 14.0";
			developmentRegion = en;
			hasScannedForEncodings = 0;
			knownRegions = (
				en,
				Base,
			);
			mainGroup = C19A72662B56938600639506;
			productRefGroup = C19A72702B56938600639506 /* Products */;
			projectDirPath = "";
			projectRoot = "";
			targets = (
				C19A726E2B56938600639506 /* OneulEoTtae */,
			);
		};
/* End PBXProject section */

/* Begin PBXResourcesBuildPhase section */
		C19A726D2B56938600639506 /* Resources */ = {
			isa = PBXResourcesBuildPhase;
			buildActionMask = 2147483647;
			files = (
				C19A727C2B56938A00639506 /* Preview Assets.xcassets in Resources */,
				C19A72792B56938A00639506 /* Assets.xcassets in Resources */,
			);
			runOnlyForDeploymentPostprocessing = 0;
		};
/* End PBXResourcesBuildPhase section */

/* Begin PBXSourcesBuildPhase section */
		C19A726B2B56938600639506 /* Sources */ = {
			isa = PBXSourcesBuildPhase;
			buildActionMask = 2147483647;
			files = (
				99CB17F72B569F9F003C8B4C /* DaySelectionView.swift in Sources */,
				99CB17FD2B569FDA003C8B4C /* NotificationPageView.swift in Sources */,
				C19A72752B56938600639506 /* ContentView.swift in Sources */,
				C19A72772B56938600639506 /* Item.swift in Sources */,
				99CB17FB2B569FC7003C8B4C /* MultipleSelectionRow.swift in Sources */,
				C19A728D2B56959800639506 /* SettingUIView.swift in Sources */,
				8921D62D2B5696E200956D62 /* CardScrollView.swift in Sources */,
				1DC687FD2B5C24A300DF9D71 /* Font.swift in Sources */,
				99CB18012B56A006003C8B4C /* TimeSelectionView.swift in Sources */,
				99CB17EA2B569DE6003C8B4C /* AlrmCell.swift in Sources */,
				99CB17F42B569F7B003C8B4C /* Weekday.swift in Sources */,
				99CB17EF2B569EC8003C8B4C /* ViewModel.swift in Sources */,
				99CB17E32B569DB4003C8B4C /* Alrm.swift in Sources */,
				99CB17F92B569FB4003C8B4C /* DeleteButtonView.swift in Sources */,
				99CB17E52B569DC2003C8B4C /* AlrmManager.swift in Sources */,
				C19A72732B56938600639506 /* OneulEoTtaeApp.swift in Sources */,
				99CB17F22B569F67003C8B4C /* NotificationSettings.swift in Sources */,
				99CB17FF2B569FF0003C8B4C /* RegionSelectionView.swift in Sources */,
				99CB17E82B569DD8003C8B4C /* AlrmListView.swift in Sources */,
				8921D62E2B5696E200956D62 /* WeatherInfoView.swift in Sources */,
				8921D62C2B5696E200956D62 /* CardView.swift in Sources */,
				C19A728B2B56959100639506 /* HomeUIView.swift in Sources */,
				8921D62F2B5696E200956D62 /* WeatherModel.swift in Sources */,
				99CB17E02B569D6B003C8B4C /* MainTabView.swift in Sources */,
				1DC687F52B5C1E3100DF9D71 /* LaunchScreenView.swift in Sources */,
			);
			runOnlyForDeploymentPostprocessing = 0;
		};
/* End PBXSourcesBuildPhase section */

/* Begin XCBuildConfiguration section */
		C19A727D2B56938A00639506 /* Debug */ = {
			isa = XCBuildConfiguration;
			buildSettings = {
				ALWAYS_SEARCH_USER_PATHS = NO;
				ASSETCATALOG_COMPILER_GENERATE_SWIFT_ASSET_SYMBOL_EXTENSIONS = YES;
				CLANG_ANALYZER_NONNULL = YES;
				CLANG_ANALYZER_NUMBER_OBJECT_CONVERSION = YES_AGGRESSIVE;
				CLANG_CXX_LANGUAGE_STANDARD = "gnu++20";
				CLANG_ENABLE_MODULES = YES;
				CLANG_ENABLE_OBJC_ARC = YES;
				CLANG_ENABLE_OBJC_WEAK = YES;
				CLANG_WARN_BLOCK_CAPTURE_AUTORELEASING = YES;
				CLANG_WARN_BOOL_CONVERSION = YES;
				CLANG_WARN_COMMA = YES;
				CLANG_WARN_CONSTANT_CONVERSION = YES;
				CLANG_WARN_DEPRECATED_OBJC_IMPLEMENTATIONS = YES;
				CLANG_WARN_DIRECT_OBJC_ISA_USAGE = YES_ERROR;
				CLANG_WARN_DOCUMENTATION_COMMENTS = YES;
				CLANG_WARN_EMPTY_BODY = YES;
				CLANG_WARN_ENUM_CONVERSION = YES;
				CLANG_WARN_INFINITE_RECURSION = YES;
				CLANG_WARN_INT_CONVERSION = YES;
				CLANG_WARN_NON_LITERAL_NULL_CONVERSION = YES;
				CLANG_WARN_OBJC_IMPLICIT_RETAIN_SELF = YES;
				CLANG_WARN_OBJC_LITERAL_CONVERSION = YES;
				CLANG_WARN_OBJC_ROOT_CLASS = YES_ERROR;
				CLANG_WARN_QUOTED_INCLUDE_IN_FRAMEWORK_HEADER = YES;
				CLANG_WARN_RANGE_LOOP_ANALYSIS = YES;
				CLANG_WARN_STRICT_PROTOTYPES = YES;
				CLANG_WARN_SUSPICIOUS_MOVE = YES;
				CLANG_WARN_UNGUARDED_AVAILABILITY = YES_AGGRESSIVE;
				CLANG_WARN_UNREACHABLE_CODE = YES;
				CLANG_WARN__DUPLICATE_METHOD_MATCH = YES;
				COPY_PHASE_STRIP = NO;
				DEBUG_INFORMATION_FORMAT = dwarf;
				ENABLE_STRICT_OBJC_MSGSEND = YES;
				ENABLE_TESTABILITY = YES;
				ENABLE_USER_SCRIPT_SANDBOXING = YES;
				GCC_C_LANGUAGE_STANDARD = gnu17;
				GCC_DYNAMIC_NO_PIC = NO;
				GCC_NO_COMMON_BLOCKS = YES;
				GCC_OPTIMIZATION_LEVEL = 0;
				GCC_PREPROCESSOR_DEFINITIONS = (
					"DEBUG=1",
					"$(inherited)",
				);
				GCC_WARN_64_TO_32_BIT_CONVERSION = YES;
				GCC_WARN_ABOUT_RETURN_TYPE = YES_ERROR;
				GCC_WARN_UNDECLARED_SELECTOR = YES;
				GCC_WARN_UNINITIALIZED_AUTOS = YES_AGGRESSIVE;
				GCC_WARN_UNUSED_FUNCTION = YES;
				GCC_WARN_UNUSED_VARIABLE = YES;
				IPHONEOS_DEPLOYMENT_TARGET = 17.2;
				LOCALIZATION_PREFERS_STRING_CATALOGS = YES;
				MTL_ENABLE_DEBUG_INFO = INCLUDE_SOURCE;
				MTL_FAST_MATH = YES;
				ONLY_ACTIVE_ARCH = YES;
				SDKROOT = iphoneos;
				SWIFT_ACTIVE_COMPILATION_CONDITIONS = "DEBUG $(inherited)";
				SWIFT_OPTIMIZATION_LEVEL = "-Onone";
			};
			name = Debug;
		};
		C19A727E2B56938A00639506 /* Release */ = {
			isa = XCBuildConfiguration;
			buildSettings = {
				ALWAYS_SEARCH_USER_PATHS = NO;
				ASSETCATALOG_COMPILER_GENERATE_SWIFT_ASSET_SYMBOL_EXTENSIONS = YES;
				CLANG_ANALYZER_NONNULL = YES;
				CLANG_ANALYZER_NUMBER_OBJECT_CONVERSION = YES_AGGRESSIVE;
				CLANG_CXX_LANGUAGE_STANDARD = "gnu++20";
				CLANG_ENABLE_MODULES = YES;
				CLANG_ENABLE_OBJC_ARC = YES;
				CLANG_ENABLE_OBJC_WEAK = YES;
				CLANG_WARN_BLOCK_CAPTURE_AUTORELEASING = YES;
				CLANG_WARN_BOOL_CONVERSION = YES;
				CLANG_WARN_COMMA = YES;
				CLANG_WARN_CONSTANT_CONVERSION = YES;
				CLANG_WARN_DEPRECATED_OBJC_IMPLEMENTATIONS = YES;
				CLANG_WARN_DIRECT_OBJC_ISA_USAGE = YES_ERROR;
				CLANG_WARN_DOCUMENTATION_COMMENTS = YES;
				CLANG_WARN_EMPTY_BODY = YES;
				CLANG_WARN_ENUM_CONVERSION = YES;
				CLANG_WARN_INFINITE_RECURSION = YES;
				CLANG_WARN_INT_CONVERSION = YES;
				CLANG_WARN_NON_LITERAL_NULL_CONVERSION = YES;
				CLANG_WARN_OBJC_IMPLICIT_RETAIN_SELF = YES;
				CLANG_WARN_OBJC_LITERAL_CONVERSION = YES;
				CLANG_WARN_OBJC_ROOT_CLASS = YES_ERROR;
				CLANG_WARN_QUOTED_INCLUDE_IN_FRAMEWORK_HEADER = YES;
				CLANG_WARN_RANGE_LOOP_ANALYSIS = YES;
				CLANG_WARN_STRICT_PROTOTYPES = YES;
				CLANG_WARN_SUSPICIOUS_MOVE = YES;
				CLANG_WARN_UNGUARDED_AVAILABILITY = YES_AGGRESSIVE;
				CLANG_WARN_UNREACHABLE_CODE = YES;
				CLANG_WARN__DUPLICATE_METHOD_MATCH = YES;
				COPY_PHASE_STRIP = NO;
				DEBUG_INFORMATION_FORMAT = "dwarf-with-dsym";
				ENABLE_NS_ASSERTIONS = NO;
				ENABLE_STRICT_OBJC_MSGSEND = YES;
				ENABLE_USER_SCRIPT_SANDBOXING = YES;
				GCC_C_LANGUAGE_STANDARD = gnu17;
				GCC_NO_COMMON_BLOCKS = YES;
				GCC_WARN_64_TO_32_BIT_CONVERSION = YES;
				GCC_WARN_ABOUT_RETURN_TYPE = YES_ERROR;
				GCC_WARN_UNDECLARED_SELECTOR = YES;
				GCC_WARN_UNINITIALIZED_AUTOS = YES_AGGRESSIVE;
				GCC_WARN_UNUSED_FUNCTION = YES;
				GCC_WARN_UNUSED_VARIABLE = YES;
				IPHONEOS_DEPLOYMENT_TARGET = 17.2;
				LOCALIZATION_PREFERS_STRING_CATALOGS = YES;
				MTL_ENABLE_DEBUG_INFO = NO;
				MTL_FAST_MATH = YES;
				SDKROOT = iphoneos;
				SWIFT_COMPILATION_MODE = wholemodule;
				VALIDATE_PRODUCT = YES;
			};
			name = Release;
		};
		C19A72802B56938A00639506 /* Debug */ = {
			isa = XCBuildConfiguration;
			buildSettings = {
				ASSETCATALOG_COMPILER_APPICON_NAME = AppIcon;
				ASSETCATALOG_COMPILER_GLOBAL_ACCENT_COLOR_NAME = AccentColor;
				CODE_SIGN_STYLE = Automatic;
				CURRENT_PROJECT_VERSION = 1;
				DEVELOPMENT_ASSET_PATHS = "\"OneulEoTtae/Preview Content\"";
				DEVELOPMENT_TEAM = T92LV6HV88;
				ENABLE_PREVIEWS = YES;
				GENERATE_INFOPLIST_FILE = YES;
				INFOPLIST_FILE = OneulEoTtae/Info.plist;
				INFOPLIST_KEY_UIApplicationSceneManifest_Generation = YES;
				INFOPLIST_KEY_UIApplicationSupportsIndirectInputEvents = YES;
				INFOPLIST_KEY_UILaunchScreen_Generation = YES;
				INFOPLIST_KEY_UISupportedInterfaceOrientations_iPad = "UIInterfaceOrientationPortrait UIInterfaceOrientationPortraitUpsideDown UIInterfaceOrientationLandscapeLeft UIInterfaceOrientationLandscapeRight";
				INFOPLIST_KEY_UISupportedInterfaceOrientations_iPhone = "UIInterfaceOrientationPortrait UIInterfaceOrientationLandscapeLeft UIInterfaceOrientationLandscapeRight";
				IPHONEOS_DEPLOYMENT_TARGET = 17.0;
				LD_RUNPATH_SEARCH_PATHS = (
					"$(inherited)",
					"@executable_path/Frameworks",
				);
				MARKETING_VERSION = 1.0;
				PRODUCT_BUNDLE_IDENTIFIER = Matthew.OneulEoTtae;
				PRODUCT_NAME = "$(TARGET_NAME)";
				SWIFT_EMIT_LOC_STRINGS = YES;
				SWIFT_VERSION = 5.0;
				TARGETED_DEVICE_FAMILY = "1,2";
			};
			name = Debug;
		};
		C19A72812B56938A00639506 /* Release */ = {
			isa = XCBuildConfiguration;
			buildSettings = {
				ASSETCATALOG_COMPILER_APPICON_NAME = AppIcon;
				ASSETCATALOG_COMPILER_GLOBAL_ACCENT_COLOR_NAME = AccentColor;
				CODE_SIGN_STYLE = Automatic;
				CURRENT_PROJECT_VERSION = 1;
				DEVELOPMENT_ASSET_PATHS = "\"OneulEoTtae/Preview Content\"";
				DEVELOPMENT_TEAM = T92LV6HV88;
				ENABLE_PREVIEWS = YES;
				GENERATE_INFOPLIST_FILE = YES;
				INFOPLIST_FILE = OneulEoTtae/Info.plist;
				INFOPLIST_KEY_UIApplicationSceneManifest_Generation = YES;
				INFOPLIST_KEY_UIApplicationSupportsIndirectInputEvents = YES;
				INFOPLIST_KEY_UILaunchScreen_Generation = YES;
				INFOPLIST_KEY_UISupportedInterfaceOrientations_iPad = "UIInterfaceOrientationPortrait UIInterfaceOrientationPortraitUpsideDown UIInterfaceOrientationLandscapeLeft UIInterfaceOrientationLandscapeRight";
				INFOPLIST_KEY_UISupportedInterfaceOrientations_iPhone = "UIInterfaceOrientationPortrait UIInterfaceOrientationLandscapeLeft UIInterfaceOrientationLandscapeRight";
				IPHONEOS_DEPLOYMENT_TARGET = 17.0;
				LD_RUNPATH_SEARCH_PATHS = (
					"$(inherited)",
					"@executable_path/Frameworks",
				);
				MARKETING_VERSION = 1.0;
				PRODUCT_BUNDLE_IDENTIFIER = Matthew.OneulEoTtae;
				PRODUCT_NAME = "$(TARGET_NAME)";
				SWIFT_EMIT_LOC_STRINGS = YES;
				SWIFT_VERSION = 5.0;
				TARGETED_DEVICE_FAMILY = "1,2";
			};
			name = Release;
		};
/* End XCBuildConfiguration section */

/* Begin XCConfigurationList section */
		C19A726A2B56938600639506 /* Build configuration list for PBXProject "OneulEoTtae" */ = {
			isa = XCConfigurationList;
			buildConfigurations = (
				C19A727D2B56938A00639506 /* Debug */,
				C19A727E2B56938A00639506 /* Release */,
			);
			defaultConfigurationIsVisible = 0;
			defaultConfigurationName = Release;
		};
		C19A727F2B56938A00639506 /* Build configuration list for PBXNativeTarget "OneulEoTtae" */ = {
			isa = XCConfigurationList;
			buildConfigurations = (
				C19A72802B56938A00639506 /* Debug */,
				C19A72812B56938A00639506 /* Release */,
			);
			defaultConfigurationIsVisible = 0;
			defaultConfigurationName = Release;
		};
/* End XCConfigurationList section */
	};
	rootObject = C19A72672B56938600639506 /* Project object */;
}
